
Microsoft Visual Studio Solution File, Format Version 12.00
# Visual Studio Version 17
VisualStudioVersion = 17.12.35514.174 d17.12
MinimumVisualStudioVersion = 10.0.40219.1
Project("{FAE04EC0-301F-11D3-BF4B-00C04F79EFBC}") = "AngularApp1.Server", "AngularApp1.Server\AngularApp1.Server.csproj", "{D4097154-7E90-4D16-9796-7A2610E442ED}"
EndProject
Project("{54A90642-561A-4BB1-A94E-469ADEE60C69}") = "angularapp1.client", "angularapp1.client\angularapp1.client.esproj", "{AAE7734E-9E07-488C-913A-2B2E6A8D7417}"
EndProject
Global
	GlobalSection(SolutionConfigurationPlatforms) = preSolution
		Debug|Any CPU = Debug|Any CPU
		Release|Any CPU = Release|Any CPU
	EndGlobalSection
	GlobalSection(ProjectConfigurationPlatforms) = postSolution
		{D4097154-7E90-4D16-9796-7A2610E442ED}.Debug|Any CPU.ActiveCfg = Debug|Any CPU
		{D4097154-7E90-4D16-9796-7A2610E442ED}.Debug|Any CPU.Build.0 = Debug|Any CPU
		{D4097154-7E90-4D16-9796-7A2610E442ED}.Release|Any CPU.ActiveCfg = Release|Any CPU
		{D4097154-7E90-4D16-9796-7A2610E442ED}.Release|Any CPU.Build.0 = Release|Any CPU
		{AAE7734E-9E07-488C-913A-2B2E6A8D7417}.Debug|Any CPU.ActiveCfg = Debug|Any CPU
		{AAE7734E-9E07-488C-913A-2B2E6A8D7417}.Debug|Any CPU.Build.0 = Debug|Any CPU
		{AAE7734E-9E07-488C-913A-2B2E6A8D7417}.Debug|Any CPU.Deploy.0 = Debug|Any CPU
		{AAE7734E-9E07-488C-913A-2B2E6A8D7417}.Release|Any CPU.ActiveCfg = Release|Any CPU
		{AAE7734E-9E07-488C-913A-2B2E6A8D7417}.Release|Any CPU.Build.0 = Release|Any CPU
		{AAE7734E-9E07-488C-913A-2B2E6A8D7417}.Release|Any CPU.Deploy.0 = Release|Any CPU
	EndGlobalSection
	GlobalSection(SolutionProperties) = preSolution
		HideSolutionNode = FALSE
	EndGlobalSection
EndGlobal
